
Microsoft Visual Studio Solution File, Format Version 12.00
# Visual Studio Version 17
VisualStudioVersion = 17.4.33103.184
MinimumVisualStudioVersion = 10.0.40219.1
Project("{2150E333-8FDC-42A3-9474-1A3956D46DE8}") = "Api", "Api", "{0182C141-137B-4CF0-9610-8AB6D5385F51}"
EndProject
Project("{2150E333-8FDC-42A3-9474-1A3956D46DE8}") = "Core", "Core", "{6D80CCC9-99DA-4ACA-8A6F-BC90D5757F30}"
EndProject
Project("{2150E333-8FDC-42A3-9474-1A3956D46DE8}") = "src", "src", "{4D40CBCD-9C94-4546-B355-85B7FFF38F93}"
EndProject
Project("{2150E333-8FDC-42A3-9474-1A3956D46DE8}") = "test", "test", "{E5088A58-C13B-4986-A55F-04614475AA70}"
EndProject
Project("{2150E333-8FDC-42A3-9474-1A3956D46DE8}") = "Inferastructure", "Inferastructure", "{4CF41B24-4E57-4A3C-8E74-CC1DD1F39ACC}"
EndProject
Project("{2150E333-8FDC-42A3-9474-1A3956D46DE8}") = "UI", "UI", "{EEE22E53-04BD-4D11-9A63-533991AE214F}"
EndProject
Project("{9A19103F-16F7-4668-BE54-9A1E7A4F7556}") = "TopTeacher.Application", "TopTeacher.Application\TopTeacher.Application.csproj", "{E50617AA-5855-4B90-BDEF-655913FD5A02}"
EndProject
Project("{9A19103F-16F7-4668-BE54-9A1E7A4F7556}") = "TopTeacher.Entites", "TopTeacher.Entites\TopTeacher.Entites.csproj", "{9F8514BE-B631-4A8F-9E7B-E08909824E2F}"
EndProject
Project("{9A19103F-16F7-4668-BE54-9A1E7A4F7556}") = "TopTeacher.Persistance", "TopTeacher.Persistance\TopTeacher.Persistance.csproj", "{A992E39A-FADE-4432-8176-6CF6C6A9925B}"
EndProject
Project("{9A19103F-16F7-4668-BE54-9A1E7A4F7556}") = "TopTeacher.API", "TopTeacher.API\TopTeacher.API.csproj", "{CADE9FE3-06EC-4674-9F35-19536176E973}"
EndProject
Project("{2150E333-8FDC-42A3-9474-1A3956D46DE8}") = "MVC", "MVC", "{CE30F108-CF87-4ECD-B035-519DB612BB56}"
EndProject
Global
	GlobalSection(SolutionConfigurationPlatforms) = preSolution
		Debug|Any CPU = Debug|Any CPU
		Release|Any CPU = Release|Any CPU
	EndGlobalSection
	GlobalSection(ProjectConfigurationPlatforms) = postSolution
		{E50617AA-5855-4B90-BDEF-655913FD5A02}.Debug|Any CPU.ActiveCfg = Debug|Any CPU
		{E50617AA-5855-4B90-BDEF-655913FD5A02}.Debug|Any CPU.Build.0 = Debug|Any CPU
		{E50617AA-5855-4B90-BDEF-655913FD5A02}.Release|Any CPU.ActiveCfg = Release|Any CPU
		{E50617AA-5855-4B90-BDEF-655913FD5A02}.Release|Any CPU.Build.0 = Release|Any CPU
		{9F8514BE-B631-4A8F-9E7B-E08909824E2F}.Debug|Any CPU.ActiveCfg = Debug|Any CPU
		{9F8514BE-B631-4A8F-9E7B-E08909824E2F}.Debug|Any CPU.Build.0 = Debug|Any CPU
		{9F8514BE-B631-4A8F-9E7B-E08909824E2F}.Release|Any CPU.ActiveCfg = Release|Any CPU
		{9F8514BE-B631-4A8F-9E7B-E08909824E2F}.Release|Any CPU.Build.0 = Release|Any CPU
		{A992E39A-FADE-4432-8176-6CF6C6A9925B}.Debug|Any CPU.ActiveCfg = Debug|Any CPU
		{A992E39A-FADE-4432-8176-6CF6C6A9925B}.Debug|Any CPU.Build.0 = Debug|Any CPU
		{A992E39A-FADE-4432-8176-6CF6C6A9925B}.Release|Any CPU.ActiveCfg = Release|Any CPU
		{A992E39A-FADE-4432-8176-6CF6C6A9925B}.Release|Any CPU.Build.0 = Release|Any CPU
		{CADE9FE3-06EC-4674-9F35-19536176E973}.Debug|Any CPU.ActiveCfg = Debug|Any CPU
		{CADE9FE3-06EC-4674-9F35-19536176E973}.Debug|Any CPU.Build.0 = Debug|Any CPU
		{CADE9FE3-06EC-4674-9F35-19536176E973}.Release|Any CPU.ActiveCfg = Release|Any CPU
		{CADE9FE3-06EC-4674-9F35-19536176E973}.Release|Any CPU.Build.0 = Release|Any CPU
	EndGlobalSection
	GlobalSection(SolutionProperties) = preSolution
		HideSolutionNode = FALSE
	EndGlobalSection
	GlobalSection(NestedProjects) = preSolution
		{0182C141-137B-4CF0-9610-8AB6D5385F51} = {4D40CBCD-9C94-4546-B355-85B7FFF38F93}
		{6D80CCC9-99DA-4ACA-8A6F-BC90D5757F30} = {4D40CBCD-9C94-4546-B355-85B7FFF38F93}
		{4CF41B24-4E57-4A3C-8E74-CC1DD1F39ACC} = {4D40CBCD-9C94-4546-B355-85B7FFF38F93}
		{EEE22E53-04BD-4D11-9A63-533991AE214F} = {4D40CBCD-9C94-4546-B355-85B7FFF38F93}
		{E50617AA-5855-4B90-BDEF-655913FD5A02} = {6D80CCC9-99DA-4ACA-8A6F-BC90D5757F30}
		{9F8514BE-B631-4A8F-9E7B-E08909824E2F} = {6D80CCC9-99DA-4ACA-8A6F-BC90D5757F30}
		{A992E39A-FADE-4432-8176-6CF6C6A9925B} = {4CF41B24-4E57-4A3C-8E74-CC1DD1F39ACC}
		{CADE9FE3-06EC-4674-9F35-19536176E973} = {0182C141-137B-4CF0-9610-8AB6D5385F51}
		{CE30F108-CF87-4ECD-B035-519DB612BB56} = {4D40CBCD-9C94-4546-B355-85B7FFF38F93}
	EndGlobalSection
	GlobalSection(ExtensibilityGlobals) = postSolution
		SolutionGuid = {2DDAA6BE-1664-40E6-93E0-1B74C598F5D3}
	EndGlobalSection
EndGlobal
